// !$*UTF8*$!
{
	archiveVersion = 1;
	classes = {
	};
	objectVersion = 56;
	objects = {

/* Begin PBXBuildFile section */
		CE6D34652C4C485C0014EE98 /* LoginController.swift in Sources */ = {isa = PBXBuildFile; fileRef = CE6D34642C4C485C0014EE98 /* LoginController.swift */; };
		CE6D34672C4C48A90014EE98 /* UsersLoader.swift in Sources */ = {isa = PBXBuildFile; fileRef = CE6D34662C4C48A90014EE98 /* UsersLoader.swift */; };
		CE6D34692C4C4A8D0014EE98 /* LoginViewController.swift in Sources */ = {isa = PBXBuildFile; fileRef = CE6D34682C4C4A8D0014EE98 /* LoginViewController.swift */; };
		CE6D347F2C4C5D340014EE98 /* GoogleSignIn in Frameworks */ = {isa = PBXBuildFile; productRef = CE6D347E2C4C5D340014EE98 /* GoogleSignIn */; };
		CE6D34812C4C5D340014EE98 /* GoogleSignInSwift in Frameworks */ = {isa = PBXBuildFile; productRef = CE6D34802C4C5D340014EE98 /* GoogleSignInSwift */; };
		CE6D34842C4C5D8B0014EE98 /* FirebaseAnalytics in Frameworks */ = {isa = PBXBuildFile; productRef = CE6D34832C4C5D8B0014EE98 /* FirebaseAnalytics */; };
		CE6D34862C4C5D8B0014EE98 /* FirebaseAnalyticsOnDeviceConversion in Frameworks */ = {isa = PBXBuildFile; productRef = CE6D34852C4C5D8B0014EE98 /* FirebaseAnalyticsOnDeviceConversion */; };
		CE6D34882C4C5D8B0014EE98 /* FirebaseAnalyticsSwift in Frameworks */ = {isa = PBXBuildFile; productRef = CE6D34872C4C5D8B0014EE98 /* FirebaseAnalyticsSwift */; };
		CE6D348A2C4C5D8B0014EE98 /* FirebaseAnalyticsWithoutAdIdSupport in Frameworks */ = {isa = PBXBuildFile; productRef = CE6D34892C4C5D8B0014EE98 /* FirebaseAnalyticsWithoutAdIdSupport */; };
		CE6D348C2C4C5D8B0014EE98 /* FirebaseAppCheck in Frameworks */ = {isa = PBXBuildFile; productRef = CE6D348B2C4C5D8B0014EE98 /* FirebaseAppCheck */; };
		CE6D348F2C4C5E110014EE98 /* FirebaseAuth in Frameworks */ = {isa = PBXBuildFile; productRef = CE6D348E2C4C5E110014EE98 /* FirebaseAuth */; };
		CE6D34912C4C5E900014EE98 /* Constants.swift in Sources */ = {isa = PBXBuildFile; fileRef = CE6D34902C4C5E900014EE98 /* Constants.swift */; };
		CE6D34942C4C5EFC0014EE98 /* CustomButton.swift in Sources */ = {isa = PBXBuildFile; fileRef = CE6D34932C4C5EFC0014EE98 /* CustomButton.swift */; };
		CEB92BD32C4481D500B42304 /* AppDelegate.swift in Sources */ = {isa = PBXBuildFile; fileRef = CEB92BD22C4481D500B42304 /* AppDelegate.swift */; };
		CEB92BD52C4481D500B42304 /* SceneDelegate.swift in Sources */ = {isa = PBXBuildFile; fileRef = CEB92BD42C4481D500B42304 /* SceneDelegate.swift */; };
		CEB92BDA2C4481D500B42304 /* Main.storyboard in Resources */ = {isa = PBXBuildFile; fileRef = CEB92BD82C4481D500B42304 /* Main.storyboard */; };
		CEB92BDC2C4481D600B42304 /* Assets.xcassets in Resources */ = {isa = PBXBuildFile; fileRef = CEB92BDB2C4481D600B42304 /* Assets.xcassets */; };
		CEB92BDF2C4481D600B42304 /* LaunchScreen.storyboard in Resources */ = {isa = PBXBuildFile; fileRef = CEB92BDD2C4481D600B42304 /* LaunchScreen.storyboard */; };
		CEE814272C4DD6C2008931E2 /* ApodViewController.swift in Sources */ = {isa = PBXBuildFile; fileRef = CEE814262C4DD6C2008931E2 /* ApodViewController.swift */; };
		CEE8142A2C4DD7FE008931E2 /* SDWebImage in Frameworks */ = {isa = PBXBuildFile; productRef = CEE814292C4DD7FE008931E2 /* SDWebImage */; };
		CEE8142E2C4DEDA6008931E2 /* NetworkManager.swift in Sources */ = {isa = PBXBuildFile; fileRef = CEE8142D2C4DEDA6008931E2 /* NetworkManager.swift */; };
		CEE814312C4DEECD008931E2 /* ApodModel.swift in Sources */ = {isa = PBXBuildFile; fileRef = CEE814302C4DEECD008931E2 /* ApodModel.swift */; };
		CEE814342C4E07AF008931E2 /* GoogleService-Info.plist in Resources */ = {isa = PBXBuildFile; fileRef = CEE814332C4E07AF008931E2 /* GoogleService-Info.plist */; };
/* End PBXBuildFile section */

/* Begin PBXFileReference section */
		CE6D34642C4C485C0014EE98 /* LoginController.swift */ = {isa = PBXFileReference; lastKnownFileType = sourcecode.swift; path = LoginController.swift; sourceTree = "<group>"; };
		CE6D34662C4C48A90014EE98 /* UsersLoader.swift */ = {isa = PBXFileReference; lastKnownFileType = sourcecode.swift; path = UsersLoader.swift; sourceTree = "<group>"; };
		CE6D34682C4C4A8D0014EE98 /* LoginViewController.swift */ = {isa = PBXFileReference; lastKnownFileType = sourcecode.swift; path = LoginViewController.swift; sourceTree = "<group>"; };
		CE6D34902C4C5E900014EE98 /* Constants.swift */ = {isa = PBXFileReference; lastKnownFileType = sourcecode.swift; path = Constants.swift; sourceTree = "<group>"; };
		CE6D34932C4C5EFC0014EE98 /* CustomButton.swift */ = {isa = PBXFileReference; lastKnownFileType = sourcecode.swift; path = CustomButton.swift; sourceTree = "<group>"; };
		CEB92BCF2C4481D500B42304 /* Nasa.app */ = {isa = PBXFileReference; explicitFileType = wrapper.application; includeInIndex = 0; path = Nasa.app; sourceTree = BUILT_PRODUCTS_DIR; };
		CEB92BD22C4481D500B42304 /* AppDelegate.swift */ = {isa = PBXFileReference; lastKnownFileType = sourcecode.swift; path = AppDelegate.swift; sourceTree = "<group>"; };
		CEB92BD42C4481D500B42304 /* SceneDelegate.swift */ = {isa = PBXFileReference; lastKnownFileType = sourcecode.swift; path = SceneDelegate.swift; sourceTree = "<group>"; };
		CEB92BD92C4481D500B42304 /* Base */ = {isa = PBXFileReference; lastKnownFileType = file.storyboard; name = Base; path = Base.lproj/Main.storyboard; sourceTree = "<group>"; };
		CEB92BDB2C4481D600B42304 /* Assets.xcassets */ = {isa = PBXFileReference; lastKnownFileType = folder.assetcatalog; path = Assets.xcassets; sourceTree = "<group>"; };
		CEB92BDE2C4481D600B42304 /* Base */ = {isa = PBXFileReference; lastKnownFileType = file.storyboard; name = Base; path = Base.lproj/LaunchScreen.storyboard; sourceTree = "<group>"; };
		CEB92BE02C4481D600B42304 /* Info.plist */ = {isa = PBXFileReference; lastKnownFileType = text.plist.xml; path = Info.plist; sourceTree = "<group>"; };
		CEE814262C4DD6C2008931E2 /* ApodViewController.swift */ = {isa = PBXFileReference; lastKnownFileType = sourcecode.swift; path = ApodViewController.swift; sourceTree = "<group>"; };
		CEE8142D2C4DEDA6008931E2 /* NetworkManager.swift */ = {isa = PBXFileReference; lastKnownFileType = sourcecode.swift; path = NetworkManager.swift; sourceTree = "<group>"; };
		CEE814302C4DEECD008931E2 /* ApodModel.swift */ = {isa = PBXFileReference; lastKnownFileType = sourcecode.swift; path = ApodModel.swift; sourceTree = "<group>"; };
		CEE814332C4E07AF008931E2 /* GoogleService-Info.plist */ = {isa = PBXFileReference; fileEncoding = 4; lastKnownFileType = text.plist.xml; path = "GoogleService-Info.plist"; sourceTree = "<group>"; };
/* End PBXFileReference section */

/* Begin PBXFrameworksBuildPhase section */
		CEB92BCC2C4481D500B42304 /* Frameworks */ = {
			isa = PBXFrameworksBuildPhase;
			buildActionMask = 2147483647;
			files = (
				CE6D347F2C4C5D340014EE98 /* GoogleSignIn in Frameworks */,
				CE6D348A2C4C5D8B0014EE98 /* FirebaseAnalyticsWithoutAdIdSupport in Frameworks */,
				CE6D34812C4C5D340014EE98 /* GoogleSignInSwift in Frameworks */,
				CE6D34842C4C5D8B0014EE98 /* FirebaseAnalytics in Frameworks */,
				CE6D348C2C4C5D8B0014EE98 /* FirebaseAppCheck in Frameworks */,
				CE6D34862C4C5D8B0014EE98 /* FirebaseAnalyticsOnDeviceConversion in Frameworks */,
				CEE8142A2C4DD7FE008931E2 /* SDWebImage in Frameworks */,
				CE6D34882C4C5D8B0014EE98 /* FirebaseAnalyticsSwift in Frameworks */,
				CE6D348F2C4C5E110014EE98 /* FirebaseAuth in Frameworks */,
			);
			runOnlyForDeploymentPostprocessing = 0;
		};
/* End PBXFrameworksBuildPhase section */

/* Begin PBXGroup section */
		CE6D34632C4C48410014EE98 /* Login */ = {
			isa = PBXGroup;
			children = (
				CE6D34642C4C485C0014EE98 /* LoginController.swift */,
				CE6D34662C4C48A90014EE98 /* UsersLoader.swift */,
				CE6D34682C4C4A8D0014EE98 /* LoginViewController.swift */,
			);
			path = Login;
			sourceTree = "<group>";
		};
		CE6D348D2C4C5E110014EE98 /* Frameworks */ = {
			isa = PBXGroup;
			children = (
			);
			name = Frameworks;
			sourceTree = "<group>";
		};
		CE6D34922C4C5EEC0014EE98 /* Views */ = {
			isa = PBXGroup;
			children = (
				CE6D34932C4C5EFC0014EE98 /* CustomButton.swift */,
			);
			path = Views;
			sourceTree = "<group>";
		};
		CEB92BC62C4481D500B42304 = {
			isa = PBXGroup;
			children = (
				CEB92BD12C4481D500B42304 /* Nasa */,
				CEB92BD02C4481D500B42304 /* Products */,
				CE6D348D2C4C5E110014EE98 /* Frameworks */,
			);
			sourceTree = "<group>";
		};
		CEB92BD02C4481D500B42304 /* Products */ = {
			isa = PBXGroup;
			children = (
				CEB92BCF2C4481D500B42304 /* Nasa.app */,
			);
			name = Products;
			sourceTree = "<group>";
		};
		CEB92BD12C4481D500B42304 /* Nasa */ = {
			isa = PBXGroup;
			children = (
				CEE814332C4E07AF008931E2 /* GoogleService-Info.plist */,
				CEE8142F2C4DEEBC008931E2 /* Models */,
				CEE814252C4DD6AC008931E2 /* APOD */,
				CE6D34922C4C5EEC0014EE98 /* Views */,
				CE6D34632C4C48410014EE98 /* Login */,
				CEB92BD22C4481D500B42304 /* AppDelegate.swift */,
				CEB92BD42C4481D500B42304 /* SceneDelegate.swift */,
				CEB92BD82C4481D500B42304 /* Main.storyboard */,
				CEB92BDB2C4481D600B42304 /* Assets.xcassets */,
				CEB92BDD2C4481D600B42304 /* LaunchScreen.storyboard */,
				CEB92BE02C4481D600B42304 /* Info.plist */,
				CE6D34902C4C5E900014EE98 /* Constants.swift */,
				CEE8142D2C4DEDA6008931E2 /* NetworkManager.swift */,
			);
			path = Nasa;
			sourceTree = "<group>";
		};
		CEE814252C4DD6AC008931E2 /* APOD */ = {
			isa = PBXGroup;
			children = (
				CEE814262C4DD6C2008931E2 /* ApodViewController.swift */,
			);
			path = APOD;
			sourceTree = "<group>";
		};
		CEE8142F2C4DEEBC008931E2 /* Models */ = {
			isa = PBXGroup;
			children = (
				CEE814302C4DEECD008931E2 /* ApodModel.swift */,
			);
			path = Models;
			sourceTree = "<group>";
		};
/* End PBXGroup section */

/* Begin PBXNativeTarget section */
		CEB92BCE2C4481D500B42304 /* Nasa */ = {
			isa = PBXNativeTarget;
			buildConfigurationList = CEB92BE32C4481D600B42304 /* Build configuration list for PBXNativeTarget "Nasa" */;
			buildPhases = (
				CEB92BCB2C4481D500B42304 /* Sources */,
				CEB92BCC2C4481D500B42304 /* Frameworks */,
				CEB92BCD2C4481D500B42304 /* Resources */,
			);
			buildRules = (
			);
			dependencies = (
			);
			name = Nasa;
			packageProductDependencies = (
				CE6D347E2C4C5D340014EE98 /* GoogleSignIn */,
				CE6D34802C4C5D340014EE98 /* GoogleSignInSwift */,
				CE6D34832C4C5D8B0014EE98 /* FirebaseAnalytics */,
				CE6D34852C4C5D8B0014EE98 /* FirebaseAnalyticsOnDeviceConversion */,
				CE6D34872C4C5D8B0014EE98 /* FirebaseAnalyticsSwift */,
				CE6D34892C4C5D8B0014EE98 /* FirebaseAnalyticsWithoutAdIdSupport */,
				CE6D348B2C4C5D8B0014EE98 /* FirebaseAppCheck */,
				CE6D348E2C4C5E110014EE98 /* FirebaseAuth */,
				CEE814292C4DD7FE008931E2 /* SDWebImage */,
			);
			productName = Nasa;
			productReference = CEB92BCF2C4481D500B42304 /* Nasa.app */;
			productType = "com.apple.product-type.application";
		};
/* End PBXNativeTarget section */

/* Begin PBXProject section */
		CEB92BC72C4481D500B42304 /* Project object */ = {
			isa = PBXProject;
			attributes = {
				BuildIndependentTargetsInParallel = 1;
				LastSwiftUpdateCheck = 1520;
				LastUpgradeCheck = 1520;
				TargetAttributes = {
					CEB92BCE2C4481D500B42304 = {
						CreatedOnToolsVersion = 15.2;
					};
				};
			};
			buildConfigurationList = CEB92BCA2C4481D500B42304 /* Build configuration list for PBXProject "Nasa" */;
			compatibilityVersion = "Xcode 14.0";
			developmentRegion = en;
			hasScannedForEncodings = 0;
			knownRegions = (
				en,
				Base,
			);
			mainGroup = CEB92BC62C4481D500B42304;
			packageReferences = (
				CE6D347D2C4C5D340014EE98 /* XCRemoteSwiftPackageReference "GoogleSignIn-iOS" */,
				CE6D34822C4C5D8B0014EE98 /* XCRemoteSwiftPackageReference "firebase-ios-sdk" */,
				CEE814282C4DD7FE008931E2 /* XCRemoteSwiftPackageReference "SDWebImage" */,
			);
			productRefGroup = CEB92BD02C4481D500B42304 /* Products */;
			projectDirPath = "";
			projectRoot = "";
			targets = (
				CEB92BCE2C4481D500B42304 /* Nasa */,
			);
		};
/* End PBXProject section */

/* Begin PBXResourcesBuildPhase section */
		CEB92BCD2C4481D500B42304 /* Resources */ = {
			isa = PBXResourcesBuildPhase;
			buildActionMask = 2147483647;
			files = (
				CEB92BDF2C4481D600B42304 /* LaunchScreen.storyboard in Resources */,
				CEE814342C4E07AF008931E2 /* GoogleService-Info.plist in Resources */,
				CEB92BDC2C4481D600B42304 /* Assets.xcassets in Resources */,
				CEB92BDA2C4481D500B42304 /* Main.storyboard in Resources */,
			);
			runOnlyForDeploymentPostprocessing = 0;
		};
/* End PBXResourcesBuildPhase section */

/* Begin PBXSourcesBuildPhase section */
		CEB92BCB2C4481D500B42304 /* Sources */ = {
			isa = PBXSourcesBuildPhase;
			buildActionMask = 2147483647;
			files = (
				CEE8142E2C4DEDA6008931E2 /* NetworkManager.swift in Sources */,
				CE6D34692C4C4A8D0014EE98 /* LoginViewController.swift in Sources */,
				CE6D34672C4C48A90014EE98 /* UsersLoader.swift in Sources */,
				CEE814312C4DEECD008931E2 /* ApodModel.swift in Sources */,
				CE6D34652C4C485C0014EE98 /* LoginController.swift in Sources */,
				CE6D34942C4C5EFC0014EE98 /* CustomButton.swift in Sources */,
				CE6D34912C4C5E900014EE98 /* Constants.swift in Sources */,
				CEB92BD32C4481D500B42304 /* AppDelegate.swift in Sources */,
				CEE814272C4DD6C2008931E2 /* ApodViewController.swift in Sources */,
				CEB92BD52C4481D500B42304 /* SceneDelegate.swift in Sources */,
			);
			runOnlyForDeploymentPostprocessing = 0;
		};
/* End PBXSourcesBuildPhase section */

/* Begin PBXVariantGroup section */
		CEB92BD82C4481D500B42304 /* Main.storyboard */ = {
			isa = PBXVariantGroup;
			children = (
				CEB92BD92C4481D500B42304 /* Base */,
			);
			name = Main.storyboard;
			sourceTree = "<group>";
		};
		CEB92BDD2C4481D600B42304 /* LaunchScreen.storyboard */ = {
			isa = PBXVariantGroup;
			children = (
				CEB92BDE2C4481D600B42304 /* Base */,
			);
			name = LaunchScreen.storyboard;
			sourceTree = "<group>";
		};
/* End PBXVariantGroup section */

/* Begin XCBuildConfiguration section */
		CEB92BE12C4481D600B42304 /* Debug */ = {
			isa = XCBuildConfiguration;
			buildSettings = {
				ALWAYS_SEARCH_USER_PATHS = NO;
				ASSETCATALOG_COMPILER_GENERATE_SWIFT_ASSET_SYMBOL_EXTENSIONS = YES;
				CLANG_ANALYZER_NONNULL = YES;
				CLANG_ANALYZER_NUMBER_OBJECT_CONVERSION = YES_AGGRESSIVE;
				CLANG_CXX_LANGUAGE_STANDARD = "gnu++20";
				CLANG_ENABLE_MODULES = YES;
				CLANG_ENABLE_OBJC_ARC = YES;
				CLANG_ENABLE_OBJC_WEAK = YES;
				CLANG_WARN_BLOCK_CAPTURE_AUTORELEASING = YES;
				CLANG_WARN_BOOL_CONVERSION = YES;
				CLANG_WARN_COMMA = YES;
				CLANG_WARN_CONSTANT_CONVERSION = YES;
				CLANG_WARN_DEPRECATED_OBJC_IMPLEMENTATIONS = YES;
				CLANG_WARN_DIRECT_OBJC_ISA_USAGE = YES_ERROR;
				CLANG_WARN_DOCUMENTATION_COMMENTS = YES;
				CLANG_WARN_EMPTY_BODY = YES;
				CLANG_WARN_ENUM_CONVERSION = YES;
				CLANG_WARN_INFINITE_RECURSION = YES;
				CLANG_WARN_INT_CONVERSION = YES;
				CLANG_WARN_NON_LITERAL_NULL_CONVERSION = YES;
				CLANG_WARN_OBJC_IMPLICIT_RETAIN_SELF = YES;
				CLANG_WARN_OBJC_LITERAL_CONVERSION = YES;
				CLANG_WARN_OBJC_ROOT_CLASS = YES_ERROR;
				CLANG_WARN_QUOTED_INCLUDE_IN_FRAMEWORK_HEADER = YES;
				CLANG_WARN_RANGE_LOOP_ANALYSIS = YES;
				CLANG_WARN_STRICT_PROTOTYPES = YES;
				CLANG_WARN_SUSPICIOUS_MOVE = YES;
				CLANG_WARN_UNGUARDED_AVAILABILITY = YES_AGGRESSIVE;
				CLANG_WARN_UNREACHABLE_CODE = YES;
				CLANG_WARN__DUPLICATE_METHOD_MATCH = YES;
				COPY_PHASE_STRIP = NO;
				DEBUG_INFORMATION_FORMAT = dwarf;
				ENABLE_STRICT_OBJC_MSGSEND = YES;
				ENABLE_TESTABILITY = YES;
				ENABLE_USER_SCRIPT_SANDBOXING = YES;
				GCC_C_LANGUAGE_STANDARD = gnu17;
				GCC_DYNAMIC_NO_PIC = NO;
				GCC_NO_COMMON_BLOCKS = YES;
				GCC_OPTIMIZATION_LEVEL = 0;
				GCC_PREPROCESSOR_DEFINITIONS = (
					"DEBUG=1",
					"$(inherited)",
				);
				GCC_WARN_64_TO_32_BIT_CONVERSION = YES;
				GCC_WARN_ABOUT_RETURN_TYPE = YES_ERROR;
				GCC_WARN_UNDECLARED_SELECTOR = YES;
				GCC_WARN_UNINITIALIZED_AUTOS = YES_AGGRESSIVE;
				GCC_WARN_UNUSED_FUNCTION = YES;
				GCC_WARN_UNUSED_VARIABLE = YES;
				IPHONEOS_DEPLOYMENT_TARGET = 17.2;
				LOCALIZATION_PREFERS_STRING_CATALOGS = YES;
				MTL_ENABLE_DEBUG_INFO = INCLUDE_SOURCE;
				MTL_FAST_MATH = YES;
				ONLY_ACTIVE_ARCH = YES;
				SDKROOT = iphoneos;
				SWIFT_ACTIVE_COMPILATION_CONDITIONS = "DEBUG $(inherited)";
				SWIFT_OPTIMIZATION_LEVEL = "-Onone";
			};
			name = Debug;
		};
		CEB92BE22C4481D600B42304 /* Release */ = {
			isa = XCBuildConfiguration;
			buildSettings = {
				ALWAYS_SEARCH_USER_PATHS = NO;
				ASSETCATALOG_COMPILER_GENERATE_SWIFT_ASSET_SYMBOL_EXTENSIONS = YES;
				CLANG_ANALYZER_NONNULL = YES;
				CLANG_ANALYZER_NUMBER_OBJECT_CONVERSION = YES_AGGRESSIVE;
				CLANG_CXX_LANGUAGE_STANDARD = "gnu++20";
				CLANG_ENABLE_MODULES = YES;
				CLANG_ENABLE_OBJC_ARC = YES;
				CLANG_ENABLE_OBJC_WEAK = YES;
				CLANG_WARN_BLOCK_CAPTURE_AUTORELEASING = YES;
				CLANG_WARN_BOOL_CONVERSION = YES;
				CLANG_WARN_COMMA = YES;
				CLANG_WARN_CONSTANT_CONVERSION = YES;
				CLANG_WARN_DEPRECATED_OBJC_IMPLEMENTATIONS = YES;
				CLANG_WARN_DIRECT_OBJC_ISA_USAGE = YES_ERROR;
				CLANG_WARN_DOCUMENTATION_COMMENTS = YES;
				CLANG_WARN_EMPTY_BODY = YES;
				CLANG_WARN_ENUM_CONVERSION = YES;
				CLANG_WARN_INFINITE_RECURSION = YES;
				CLANG_WARN_INT_CONVERSION = YES;
				CLANG_WARN_NON_LITERAL_NULL_CONVERSION = YES;
				CLANG_WARN_OBJC_IMPLICIT_RETAIN_SELF = YES;
				CLANG_WARN_OBJC_LITERAL_CONVERSION = YES;
				CLANG_WARN_OBJC_ROOT_CLASS = YES_ERROR;
				CLANG_WARN_QUOTED_INCLUDE_IN_FRAMEWORK_HEADER = YES;
				CLANG_WARN_RANGE_LOOP_ANALYSIS = YES;
				CLANG_WARN_STRICT_PROTOTYPES = YES;
				CLANG_WARN_SUSPICIOUS_MOVE = YES;
				CLANG_WARN_UNGUARDED_AVAILABILITY = YES_AGGRESSIVE;
				CLANG_WARN_UNREACHABLE_CODE = YES;
				CLANG_WARN__DUPLICATE_METHOD_MATCH = YES;
				COPY_PHASE_STRIP = NO;
				DEBUG_INFORMATION_FORMAT = "dwarf-with-dsym";
				ENABLE_NS_ASSERTIONS = NO;
				ENABLE_STRICT_OBJC_MSGSEND = YES;
				ENABLE_USER_SCRIPT_SANDBOXING = YES;
				GCC_C_LANGUAGE_STANDARD = gnu17;
				GCC_NO_COMMON_BLOCKS = YES;
				GCC_WARN_64_TO_32_BIT_CONVERSION = YES;
				GCC_WARN_ABOUT_RETURN_TYPE = YES_ERROR;
				GCC_WARN_UNDECLARED_SELECTOR = YES;
				GCC_WARN_UNINITIALIZED_AUTOS = YES_AGGRESSIVE;
				GCC_WARN_UNUSED_FUNCTION = YES;
				GCC_WARN_UNUSED_VARIABLE = YES;
				IPHONEOS_DEPLOYMENT_TARGET = 17.2;
				LOCALIZATION_PREFERS_STRING_CATALOGS = YES;
				MTL_ENABLE_DEBUG_INFO = NO;
				MTL_FAST_MATH = YES;
				SDKROOT = iphoneos;
				SWIFT_COMPILATION_MODE = wholemodule;
				VALIDATE_PRODUCT = YES;
			};
			name = Release;
		};
		CEB92BE42C4481D600B42304 /* Debug */ = {
			isa = XCBuildConfiguration;
			buildSettings = {
				ASSETCATALOG_COMPILER_APPICON_NAME = AppIcon;
				ASSETCATALOG_COMPILER_GLOBAL_ACCENT_COLOR_NAME = AccentColor;
				CODE_SIGN_STYLE = Manual;
				CURRENT_PROJECT_VERSION = 1;
				DEVELOPMENT_TEAM = "";
				GENERATE_INFOPLIST_FILE = YES;
				INFOPLIST_FILE = Nasa/Info.plist;
				INFOPLIST_KEY_UIApplicationSupportsIndirectInputEvents = YES;
				INFOPLIST_KEY_UILaunchStoryboardName = LaunchScreen;
				INFOPLIST_KEY_UIMainStoryboardFile = Main;
				INFOPLIST_KEY_UISupportedInterfaceOrientations_iPad = "UIInterfaceOrientationPortrait UIInterfaceOrientationPortraitUpsideDown UIInterfaceOrientationLandscapeLeft UIInterfaceOrientationLandscapeRight";
				INFOPLIST_KEY_UISupportedInterfaceOrientations_iPhone = "UIInterfaceOrientationPortrait UIInterfaceOrientationLandscapeLeft UIInterfaceOrientationLandscapeRight";
				LD_RUNPATH_SEARCH_PATHS = (
					"$(inherited)",
					"@executable_path/Frameworks",
				);
				MARKETING_VERSION = 1.0;
				PRODUCT_BUNDLE_IDENTIFIER = com.uca.Nasa;
				PRODUCT_NAME = "$(TARGET_NAME)";
				PROVISIONING_PROFILE_SPECIFIER = "";
				SWIFT_EMIT_LOC_STRINGS = YES;
				SWIFT_VERSION = 5.0;
				TARGETED_DEVICE_FAMILY = "1,2";
			};
			name = Debug;
		};
		CEB92BE52C4481D600B42304 /* Release */ = {
			isa = XCBuildConfiguration;
			buildSettings = {
				ASSETCATALOG_COMPILER_APPICON_NAME = AppIcon;
				ASSETCATALOG_COMPILER_GLOBAL_ACCENT_COLOR_NAME = AccentColor;
				CODE_SIGN_STYLE = Manual;
				CURRENT_PROJECT_VERSION = 1;
				DEVELOPMENT_TEAM = "";
				GENERATE_INFOPLIST_FILE = YES;
				INFOPLIST_FILE = Nasa/Info.plist;
				INFOPLIST_KEY_UIApplicationSupportsIndirectInputEvents = YES;
				INFOPLIST_KEY_UILaunchStoryboardName = LaunchScreen;
				INFOPLIST_KEY_UIMainStoryboardFile = Main;
				INFOPLIST_KEY_UISupportedInterfaceOrientations_iPad = "UIInterfaceOrientationPortrait UIInterfaceOrientationPortraitUpsideDown UIInterfaceOrientationLandscapeLeft UIInterfaceOrientationLandscapeRight";
				INFOPLIST_KEY_UISupportedInterfaceOrientations_iPhone = "UIInterfaceOrientationPortrait UIInterfaceOrientationLandscapeLeft UIInterfaceOrientationLandscapeRight";
				LD_RUNPATH_SEARCH_PATHS = (
					"$(inherited)",
					"@executable_path/Frameworks",
				);
				MARKETING_VERSION = 1.0;
				PRODUCT_BUNDLE_IDENTIFIER = com.uca.Nasa;
				PRODUCT_NAME = "$(TARGET_NAME)";
				PROVISIONING_PROFILE_SPECIFIER = "";
				SWIFT_EMIT_LOC_STRINGS = YES;
				SWIFT_VERSION = 5.0;
				TARGETED_DEVICE_FAMILY = "1,2";
			};
			name = Release;
		};
/* End XCBuildConfiguration section */

/* Begin XCConfigurationList section */
		CEB92BCA2C4481D500B42304 /* Build configuration list for PBXProject "Nasa" */ = {
			isa = XCConfigurationList;
			buildConfigurations = (
				CEB92BE12C4481D600B42304 /* Debug */,
				CEB92BE22C4481D600B42304 /* Release */,
			);
			defaultConfigurationIsVisible = 0;
			defaultConfigurationName = Release;
		};
		CEB92BE32C4481D600B42304 /* Build configuration list for PBXNativeTarget "Nasa" */ = {
			isa = XCConfigurationList;
			buildConfigurations = (
				CEB92BE42C4481D600B42304 /* Debug */,
				CEB92BE52C4481D600B42304 /* Release */,
			);
			defaultConfigurationIsVisible = 0;
			defaultConfigurationName = Release;
		};
/* End XCConfigurationList section */

/* Begin XCRemoteSwiftPackageReference section */
		CE6D347D2C4C5D340014EE98 /* XCRemoteSwiftPackageReference "GoogleSignIn-iOS" */ = {
			isa = XCRemoteSwiftPackageReference;
			repositoryURL = "https://github.com/google/GoogleSignIn-iOS.git";
			requirement = {
				kind = upToNextMajorVersion;
				minimumVersion = 7.1.0;
			};
		};
		CE6D34822C4C5D8B0014EE98 /* XCRemoteSwiftPackageReference "firebase-ios-sdk" */ = {
			isa = XCRemoteSwiftPackageReference;
			repositoryURL = "https://github.com/firebase/firebase-ios-sdk";
			requirement = {
				kind = upToNextMajorVersion;
				minimumVersion = 10.29.0;
			};
		};
		CEE814282C4DD7FE008931E2 /* XCRemoteSwiftPackageReference "SDWebImage" */ = {
			isa = XCRemoteSwiftPackageReference;
			repositoryURL = "https://github.com/SDWebImage/SDWebImage";
			requirement = {
				kind = upToNextMajorVersion;
				minimumVersion = 5.19.4;
			};
		};
/* End XCRemoteSwiftPackageReference section */

/* Begin XCSwiftPackageProductDependency section */
		CE6D347E2C4C5D340014EE98 /* GoogleSignIn */ = {
			isa = XCSwiftPackageProductDependency;
			package = CE6D347D2C4C5D340014EE98 /* XCRemoteSwiftPackageReference "GoogleSignIn-iOS" */;
			productName = GoogleSignIn;
		};
		CE6D34802C4C5D340014EE98 /* GoogleSignInSwift */ = {
			isa = XCSwiftPackageProductDependency;
			package = CE6D347D2C4C5D340014EE98 /* XCRemoteSwiftPackageReference "GoogleSignIn-iOS" */;
			productName = GoogleSignInSwift;
		};
		CE6D34832C4C5D8B0014EE98 /* FirebaseAnalytics */ = {
			isa = XCSwiftPackageProductDependency;
			package = CE6D34822C4C5D8B0014EE98 /* XCRemoteSwiftPackageReference "firebase-ios-sdk" */;
			productName = FirebaseAnalytics;
		};
		CE6D34852C4C5D8B0014EE98 /* FirebaseAnalyticsOnDeviceConversion */ = {
			isa = XCSwiftPackageProductDependency;
			package = CE6D34822C4C5D8B0014EE98 /* XCRemoteSwiftPackageReference "firebase-ios-sdk" */;
			productName = FirebaseAnalyticsOnDeviceConversion;
		};
		CE6D34872C4C5D8B0014EE98 /* FirebaseAnalyticsSwift */ = {
			isa = XCSwiftPackageProductDependency;
			package = CE6D34822C4C5D8B0014EE98 /* XCRemoteSwiftPackageReference "firebase-ios-sdk" */;
			productName = FirebaseAnalyticsSwift;
		};
		CE6D34892C4C5D8B0014EE98 /* FirebaseAnalyticsWithoutAdIdSupport */ = {
			isa = XCSwiftPackageProductDependency;
			package = CE6D34822C4C5D8B0014EE98 /* XCRemoteSwiftPackageReference "firebase-ios-sdk" */;
			productName = FirebaseAnalyticsWithoutAdIdSupport;
		};
		CE6D348B2C4C5D8B0014EE98 /* FirebaseAppCheck */ = {
			isa = XCSwiftPackageProductDependency;
			package = CE6D34822C4C5D8B0014EE98 /* XCRemoteSwiftPackageReference "firebase-ios-sdk" */;
			productName = FirebaseAppCheck;
		};
		CE6D348E2C4C5E110014EE98 /* FirebaseAuth */ = {
			isa = XCSwiftPackageProductDependency;
			package = CE6D34822C4C5D8B0014EE98 /* XCRemoteSwiftPackageReference "firebase-ios-sdk" */;
			productName = FirebaseAuth;
		};
		CEE814292C4DD7FE008931E2 /* SDWebImage */ = {
			isa = XCSwiftPackageProductDependency;
			package = CEE814282C4DD7FE008931E2 /* XCRemoteSwiftPackageReference "SDWebImage" */;
			productName = SDWebImage;
		};
/* End XCSwiftPackageProductDependency section */
	};
	rootObject = CEB92BC72C4481D500B42304 /* Project object */;
}
